// !$*UTF8*$!
{
	archiveVersion = 1;
	classes = {
	};
	objectVersion = 56;
	objects = {

/* Begin PBXBuildFile section */
		199623295428A132911EDD87 /* Pods_OrderApp.framework in Frameworks */ = {isa = PBXBuildFile; fileRef = E4496BE6F8F281ABBF56E2F7 /* Pods_OrderApp.framework */; };
		450219B12B15C73A00347211 /* UICollectionView+Identifier.swift in Sources */ = {isa = PBXBuildFile; fileRef = 450219B02B15C73A00347211 /* UICollectionView+Identifier.swift */; };
		450219B32B15C83300347211 /* UITableViewCell+Identifier.swift in Sources */ = {isa = PBXBuildFile; fileRef = 450219B22B15C83300347211 /* UITableViewCell+Identifier.swift */; };
		450219B92B15D42400347211 /* UITextField+Validate.swift in Sources */ = {isa = PBXBuildFile; fileRef = 450219B82B15D42300347211 /* UITextField+Validate.swift */; };
		450AC15E2B3D691500159773 /* SpecialTableView.swift in Sources */ = {isa = PBXBuildFile; fileRef = 450AC15D2B3D691300159773 /* SpecialTableView.swift */; };
		450AC1602B3D693300159773 /* RegularTableView.swift in Sources */ = {isa = PBXBuildFile; fileRef = 450AC15F2B3D693300159773 /* RegularTableView.swift */; };
		450AC1622B3D697700159773 /* RegularCell.swift in Sources */ = {isa = PBXBuildFile; fileRef = 450AC1612B3D697700159773 /* RegularCell.swift */; };
		451113D12B1A088E0069CB5F /* SpecialSaleButton.swift in Sources */ = {isa = PBXBuildFile; fileRef = 451113D02B1A088E0069CB5F /* SpecialSaleButton.swift */; };
		4522328F2B31B60600608B3C /* DataError.swift in Sources */ = {isa = PBXBuildFile; fileRef = 4522328E2B31B60500608B3C /* DataError.swift */; };
		452DAD532B07B33300E693AC /* PayViewController.swift in Sources */ = {isa = PBXBuildFile; fileRef = 452DAD522B07B33200E693AC /* PayViewController.swift */; };
		4536A0FE2B61451C00A1F1AF /* Notification.Name+Extension.swift in Sources */ = {isa = PBXBuildFile; fileRef = 4536A0FD2B61451C00A1F1AF /* Notification.Name+Extension.swift */; };
		453C1B542B1DF045003CAF76 /* CheckDetailsView.swift in Sources */ = {isa = PBXBuildFile; fileRef = 453C1B532B1DF044003CAF76 /* CheckDetailsView.swift */; };
		453C1B562B1E2474003CAF76 /* PaymentDetailsView.swift in Sources */ = {isa = PBXBuildFile; fileRef = 453C1B552B1E2473003CAF76 /* PaymentDetailsView.swift */; };
		453C1B582B1E2879003CAF76 /* UserInfoView.swift in Sources */ = {isa = PBXBuildFile; fileRef = 453C1B572B1E2879003CAF76 /* UserInfoView.swift */; };
		453F50832ADD40ED00D9DCF9 /* CategoryDetailMenuViewController.swift in Sources */ = {isa = PBXBuildFile; fileRef = 453F50822ADD40ED00D9DCF9 /* CategoryDetailMenuViewController.swift */; };
		453F50872ADD6D3F00D9DCF9 /* SaleViewController.swift in Sources */ = {isa = PBXBuildFile; fileRef = 453F50862ADD6D3F00D9DCF9 /* SaleViewController.swift */; };
		453F50892ADD6D8E00D9DCF9 /* SaleCollectionViewCell.swift in Sources */ = {isa = PBXBuildFile; fileRef = 453F50882ADD6D8D00D9DCF9 /* SaleCollectionViewCell.swift */; };
		453F508D2ADD7B8D00D9DCF9 /* HomeViewController.swift in Sources */ = {isa = PBXBuildFile; fileRef = 453F508C2ADD7B8D00D9DCF9 /* HomeViewController.swift */; };
		45413D442B3044CB00D38B70 /* regularMenuItemsData.json in Resources */ = {isa = PBXBuildFile; fileRef = 45413D432B3044CB00D38B70 /* regularMenuItemsData.json */; };
		45413D462B3044F400D38B70 /* discountMenuItemsData.json in Resources */ = {isa = PBXBuildFile; fileRef = 45413D452B3044F300D38B70 /* discountMenuItemsData.json */; };
		45413D482B30451200D38B70 /* salesData.json in Resources */ = {isa = PBXBuildFile; fileRef = 45413D472B30451200D38B70 /* salesData.json */; };
		45413D4A2B30454A00D38B70 /* couponsData.json in Resources */ = {isa = PBXBuildFile; fileRef = 45413D492B30454A00D38B70 /* couponsData.json */; };
		45413D502B3068BD00D38B70 /* ErrorScreenViewController.swift in Sources */ = {isa = PBXBuildFile; fileRef = 45413D4F2B3068BD00D38B70 /* ErrorScreenViewController.swift */; };
		4542F6BB2B29D92400F061DF /* UITextView+Hyperlinks.swift in Sources */ = {isa = PBXBuildFile; fileRef = 4542F6BA2B29D92400F061DF /* UITextView+Hyperlinks.swift */; };
		4542F6BE2B2A047700F061DF /* DataService.swift in Sources */ = {isa = PBXBuildFile; fileRef = 4542F6BD2B2A047700F061DF /* DataService.swift */; };
		4542F6C02B2A05F400F061DF /* specialMenuItemsData.json in Resources */ = {isa = PBXBuildFile; fileRef = 4542F6BF2B2A05F400F061DF /* specialMenuItemsData.json */; };
		4546A5202AD9A38F00A850A8 /* PopularCategoriesViewController.swift in Sources */ = {isa = PBXBuildFile; fileRef = 4546A51F2AD9A38F00A850A8 /* PopularCategoriesViewController.swift */; };
		4546A5222AD9A67A00A850A8 /* PopularCategoriesCollectionViewCell.swift in Sources */ = {isa = PBXBuildFile; fileRef = 4546A5212AD9A67A00A850A8 /* PopularCategoriesCollectionViewCell.swift */; };
		454FBF2A2AD949E9001E75EB /* AppDelegate.swift in Sources */ = {isa = PBXBuildFile; fileRef = 454FBF292AD949E9001E75EB /* AppDelegate.swift */; };
		454FBF2C2AD949E9001E75EB /* SceneDelegate.swift in Sources */ = {isa = PBXBuildFile; fileRef = 454FBF2B2AD949E9001E75EB /* SceneDelegate.swift */; };
		454FBF312AD949E9001E75EB /* Main.storyboard in Resources */ = {isa = PBXBuildFile; fileRef = 454FBF2F2AD949E9001E75EB /* Main.storyboard */; };
		454FBF332AD949F5001E75EB /* Assets.xcassets in Resources */ = {isa = PBXBuildFile; fileRef = 454FBF322AD949F5001E75EB /* Assets.xcassets */; };
		454FBF362AD949F5001E75EB /* LaunchScreen.storyboard in Resources */ = {isa = PBXBuildFile; fileRef = 454FBF342AD949F5001E75EB /* LaunchScreen.storyboard */; };
		454FBF3E2AD95132001E75EB /* Menu.swift in Sources */ = {isa = PBXBuildFile; fileRef = 454FBF3D2AD95132001E75EB /* Menu.swift */; };
		455A7A562AE7DD4100EE1844 /* Basket.swift in Sources */ = {isa = PBXBuildFile; fileRef = 455A7A552AE7DD4100EE1844 /* Basket.swift */; };
		455A7A582AE7DF1E00EE1844 /* BasketViewController.swift in Sources */ = {isa = PBXBuildFile; fileRef = 455A7A572AE7DF1D00EE1844 /* BasketViewController.swift */; };
		455A7A5C2AE7F04700EE1844 /* UIView+Extansions.swift in Sources */ = {isa = PBXBuildFile; fileRef = 455A7A5B2AE7F04600EE1844 /* UIView+Extansions.swift */; };
		455E903A2AF3C0DF002DB5E3 /* Coordinator.swift in Sources */ = {isa = PBXBuildFile; fileRef = 455E90392AF3C0DF002DB5E3 /* Coordinator.swift */; };
		455E903C2AF3C0F3002DB5E3 /* MainCoordinator.swift in Sources */ = {isa = PBXBuildFile; fileRef = 455E903B2AF3C0F3002DB5E3 /* MainCoordinator.swift */; };
		455FE4CC2B02053E00506E9C /* MenuCell.swift in Sources */ = {isa = PBXBuildFile; fileRef = 455FE4CB2B02053D00506E9C /* MenuCell.swift */; };
		4562CBE62B04C2B0007F6A4D /* CheckoutListViewController.swift in Sources */ = {isa = PBXBuildFile; fileRef = 4562CBE52B04C2B0007F6A4D /* CheckoutListViewController.swift */; };
		456520EA2B21B29600559283 /* BasketManager.swift in Sources */ = {isa = PBXBuildFile; fileRef = 456520E92B21B29500559283 /* BasketManager.swift */; };
		456745582AED46AC0090CB09 /* MenuViewController.swift in Sources */ = {isa = PBXBuildFile; fileRef = 456745572AED46AC0090CB09 /* MenuViewController.swift */; };
		4567FED92B0DD68F00B032F2 /* Coupon.swift in Sources */ = {isa = PBXBuildFile; fileRef = 4567FED82B0DD68F00B032F2 /* Coupon.swift */; };
		4567FEDB2B0DD6A500B032F2 /* CouponViewController.swift in Sources */ = {isa = PBXBuildFile; fileRef = 4567FEDA2B0DD6A500B032F2 /* CouponViewController.swift */; };
		4567FEDD2B0DD6C700B032F2 /* CouponCell.swift in Sources */ = {isa = PBXBuildFile; fileRef = 4567FEDC2B0DD6C700B032F2 /* CouponCell.swift */; };
		4567FEDF2B0DD70000B032F2 /* DetailCouponInfoViewController.swift in Sources */ = {isa = PBXBuildFile; fileRef = 4567FEDE2B0DD70000B032F2 /* DetailCouponInfoViewController.swift */; };
		4568DA5E2B1EFFA6000F1C0B /* PaymentManager.swift in Sources */ = {isa = PBXBuildFile; fileRef = 4568DA5D2B1EFFA6000F1C0B /* PaymentManager.swift */; };
		4568DA602B1F014A000F1C0B /* PayViewControlButtons.swift in Sources */ = {isa = PBXBuildFile; fileRef = 4568DA5F2B1F014A000F1C0B /* PayViewControlButtons.swift */; };
		4568DA622B1F0FF0000F1C0B /* BillView.swift in Sources */ = {isa = PBXBuildFile; fileRef = 4568DA612B1F0FF0000F1C0B /* BillView.swift */; };
		456A0D152B0BA2CC0029247D /* NetworkManager.swift in Sources */ = {isa = PBXBuildFile; fileRef = 456A0D142B0BA2CC0029247D /* NetworkManager.swift */; };
		45706C782B18B37700E701AE /* SalesManager.swift in Sources */ = {isa = PBXBuildFile; fileRef = 45706C772B18B37700E701AE /* SalesManager.swift */; };
		4571E5202B3C22DA00AEB32A /* SpecialCell.swift in Sources */ = {isa = PBXBuildFile; fileRef = 4571E51F2B3C22DA00AEB32A /* SpecialCell.swift */; };
		4576A6552B1741440011F35D /* String+CrossText.swift in Sources */ = {isa = PBXBuildFile; fileRef = 4576A6542B1741430011F35D /* String+CrossText.swift */; };
		4576A6582B17424D0011F35D /* ValidateManager.swift in Sources */ = {isa = PBXBuildFile; fileRef = 4576A6572B17424D0011F35D /* ValidateManager.swift */; };
		4576A65A2B1742870011F35D /* RegexPatterns.swift in Sources */ = {isa = PBXBuildFile; fileRef = 4576A6592B1742870011F35D /* RegexPatterns.swift */; };
		4576A65C2B174CC90011F35D /* FormContentBuilder.swift in Sources */ = {isa = PBXBuildFile; fileRef = 4576A65B2B174CC90011F35D /* FormContentBuilder.swift */; };
		4576A65F2B17578A0011F35D /* CouponsManager.swift in Sources */ = {isa = PBXBuildFile; fileRef = 4576A65E2B1757890011F35D /* CouponsManager.swift */; };
		4576A6612B179FDD0011F35D /* NSAttributedString+Concatenation.swift in Sources */ = {isa = PBXBuildFile; fileRef = 4576A6602B179FDD0011F35D /* NSAttributedString+Concatenation.swift */; };
		457810222B5D3B5100C32B3C /* String+Hyperlink.swift in Sources */ = {isa = PBXBuildFile; fileRef = 457810212B5D3B5100C32B3C /* String+Hyperlink.swift */; };
		4578464F2B207CE300A8F84F /* UIButton+Animations.swift in Sources */ = {isa = PBXBuildFile; fileRef = 4578464E2B207CE300A8F84F /* UIButton+Animations.swift */; };
		457846522B20C2A600A8F84F /* PaymentDataLoader.swift in Sources */ = {isa = PBXBuildFile; fileRef = 457846512B20C2A500A8F84F /* PaymentDataLoader.swift */; };
		457846542B20C2EC00A8F84F /* LoadingView.swift in Sources */ = {isa = PBXBuildFile; fileRef = 457846532B20C2EC00A8F84F /* LoadingView.swift */; };
		457847FC2B066543009B14CA /* CheckoutListCell.swift in Sources */ = {isa = PBXBuildFile; fileRef = 457847FB2B066543009B14CA /* CheckoutListCell.swift */; };
		457847FE2B066597009B14CA /* User.swift in Sources */ = {isa = PBXBuildFile; fileRef = 457847FD2B066596009B14CA /* User.swift */; };
		45803B2E2B1056A200BB1081 /* UIView+Animations.swift in Sources */ = {isa = PBXBuildFile; fileRef = 45803B2D2B1056A200BB1081 /* UIView+Animations.swift */; };
		458292EE2B33E38E00FDED64 /* ConnectionError.swift in Sources */ = {isa = PBXBuildFile; fileRef = 458292ED2B33E38E00FDED64 /* ConnectionError.swift */; };
		458292F02B33E3BE00FDED64 /* ErrorManager.swift in Sources */ = {isa = PBXBuildFile; fileRef = 458292EF2B33E3BE00FDED64 /* ErrorManager.swift */; };
		458292F32B3464FA00FDED64 /* Double+Format.swift in Sources */ = {isa = PBXBuildFile; fileRef = 458292F22B3464F900FDED64 /* Double+Format.swift */; };
		45857F662B5C1AFF006BC50C /* SpecialItemView.swift in Sources */ = {isa = PBXBuildFile; fileRef = 45857F652B5C1AFF006BC50C /* SpecialItemView.swift */; };
		4586B6402B0F5FC900439562 /* CustomButton.swift in Sources */ = {isa = PBXBuildFile; fileRef = 4586B63F2B0F5FC900439562 /* CustomButton.swift */; };
		458FE0082B25C59100DAF0CF /* StarView.swift in Sources */ = {isa = PBXBuildFile; fileRef = 458FE0072B25C59100DAF0CF /* StarView.swift */; };
		45915F022B03651E0032D4BB /* MenuHeaderView.swift in Sources */ = {isa = PBXBuildFile; fileRef = 45915F012B03651E0032D4BB /* MenuHeaderView.swift */; };
		4593B83A2B28305500416578 /* CustomTabBarContainer.swift in Sources */ = {isa = PBXBuildFile; fileRef = 4593B8392B28305500416578 /* CustomTabBarContainer.swift */; };
		45AF524C2B0CC799009EDB11 /* LogoView.swift in Sources */ = {isa = PBXBuildFile; fileRef = 45AF524B2B0CC799009EDB11 /* LogoView.swift */; };
		45C7BABD2B3857FA004BD810 /* AvailabilityValidator.swift in Sources */ = {isa = PBXBuildFile; fileRef = 45C7BABC2B3857FA004BD810 /* AvailabilityValidator.swift */; };
		45DB51922B3F2522007F2372 /* UILabel+TextAttachment.swift in Sources */ = {isa = PBXBuildFile; fileRef = 45DB51912B3F2522007F2372 /* UILabel+TextAttachment.swift */; };
		45DEED602ADFC6FC00CB6439 /* DetailInfoViewController.swift in Sources */ = {isa = PBXBuildFile; fileRef = 45DEED5F2ADFC6FC00CB6439 /* DetailInfoViewController.swift */; };
		45DEED622ADFD9CB00CB6439 /* Sales.swift in Sources */ = {isa = PBXBuildFile; fileRef = 45DEED612ADFD9CA00CB6439 /* Sales.swift */; };
		45DEED642AE00C0E00CB6439 /* DetailSaleViewController.swift in Sources */ = {isa = PBXBuildFile; fileRef = 45DEED632AE00C0D00CB6439 /* DetailSaleViewController.swift */; };
		45FF89292ADEC532006FE6EC /* DetailMenuCollectionViewCell.swift in Sources */ = {isa = PBXBuildFile; fileRef = 45FF89282ADEC532006FE6EC /* DetailMenuCollectionViewCell.swift */; };
/* End PBXBuildFile section */

/* Begin PBXFileReference section */
		2CB85B2BD0C2F861577AF6B3 /* Pods-OrderApp.debug.xcconfig */ = {isa = PBXFileReference; includeInIndex = 1; lastKnownFileType = text.xcconfig; name = "Pods-OrderApp.debug.xcconfig"; path = "Target Support Files/Pods-OrderApp/Pods-OrderApp.debug.xcconfig"; sourceTree = "<group>"; };
		450219B02B15C73A00347211 /* UICollectionView+Identifier.swift */ = {isa = PBXFileReference; lastKnownFileType = sourcecode.swift; path = "UICollectionView+Identifier.swift"; sourceTree = "<group>"; };
		450219B22B15C83300347211 /* UITableViewCell+Identifier.swift */ = {isa = PBXFileReference; lastKnownFileType = sourcecode.swift; path = "UITableViewCell+Identifier.swift"; sourceTree = "<group>"; };
		450219B82B15D42300347211 /* UITextField+Validate.swift */ = {isa = PBXFileReference; lastKnownFileType = sourcecode.swift; path = "UITextField+Validate.swift"; sourceTree = "<group>"; };
		450AC15D2B3D691300159773 /* SpecialTableView.swift */ = {isa = PBXFileReference; lastKnownFileType = sourcecode.swift; path = SpecialTableView.swift; sourceTree = "<group>"; };
		450AC15F2B3D693300159773 /* RegularTableView.swift */ = {isa = PBXFileReference; lastKnownFileType = sourcecode.swift; path = RegularTableView.swift; sourceTree = "<group>"; };
		450AC1612B3D697700159773 /* RegularCell.swift */ = {isa = PBXFileReference; lastKnownFileType = sourcecode.swift; path = RegularCell.swift; sourceTree = "<group>"; };
		451113D02B1A088E0069CB5F /* SpecialSaleButton.swift */ = {isa = PBXFileReference; lastKnownFileType = sourcecode.swift; path = SpecialSaleButton.swift; sourceTree = "<group>"; };
		4522328E2B31B60500608B3C /* DataError.swift */ = {isa = PBXFileReference; lastKnownFileType = sourcecode.swift; path = DataError.swift; sourceTree = "<group>"; };
		452DAD522B07B33200E693AC /* PayViewController.swift */ = {isa = PBXFileReference; lastKnownFileType = sourcecode.swift; path = PayViewController.swift; sourceTree = "<group>"; };
		4536A0FD2B61451C00A1F1AF /* Notification.Name+Extension.swift */ = {isa = PBXFileReference; lastKnownFileType = sourcecode.swift; path = "Notification.Name+Extension.swift"; sourceTree = "<group>"; };
		453C1B532B1DF044003CAF76 /* CheckDetailsView.swift */ = {isa = PBXFileReference; lastKnownFileType = sourcecode.swift; path = CheckDetailsView.swift; sourceTree = "<group>"; };
		453C1B552B1E2473003CAF76 /* PaymentDetailsView.swift */ = {isa = PBXFileReference; lastKnownFileType = sourcecode.swift; path = PaymentDetailsView.swift; sourceTree = "<group>"; };
		453C1B572B1E2879003CAF76 /* UserInfoView.swift */ = {isa = PBXFileReference; lastKnownFileType = sourcecode.swift; path = UserInfoView.swift; sourceTree = "<group>"; };
		453F50822ADD40ED00D9DCF9 /* CategoryDetailMenuViewController.swift */ = {isa = PBXFileReference; lastKnownFileType = sourcecode.swift; path = CategoryDetailMenuViewController.swift; sourceTree = "<group>"; };
		453F50862ADD6D3F00D9DCF9 /* SaleViewController.swift */ = {isa = PBXFileReference; lastKnownFileType = sourcecode.swift; path = SaleViewController.swift; sourceTree = "<group>"; };
		453F50882ADD6D8D00D9DCF9 /* SaleCollectionViewCell.swift */ = {isa = PBXFileReference; lastKnownFileType = sourcecode.swift; path = SaleCollectionViewCell.swift; sourceTree = "<group>"; };
		453F508C2ADD7B8D00D9DCF9 /* HomeViewController.swift */ = {isa = PBXFileReference; lastKnownFileType = sourcecode.swift; path = HomeViewController.swift; sourceTree = "<group>"; };
		45413D432B3044CB00D38B70 /* regularMenuItemsData.json */ = {isa = PBXFileReference; fileEncoding = 4; lastKnownFileType = text.json; path = regularMenuItemsData.json; sourceTree = "<group>"; };
		45413D452B3044F300D38B70 /* discountMenuItemsData.json */ = {isa = PBXFileReference; fileEncoding = 4; lastKnownFileType = text.json; path = discountMenuItemsData.json; sourceTree = "<group>"; };
		45413D472B30451200D38B70 /* salesData.json */ = {isa = PBXFileReference; fileEncoding = 4; lastKnownFileType = text.json; path = salesData.json; sourceTree = "<group>"; };
		45413D492B30454A00D38B70 /* couponsData.json */ = {isa = PBXFileReference; fileEncoding = 4; lastKnownFileType = text.json; path = couponsData.json; sourceTree = "<group>"; };
		45413D4B2B3064CB00D38B70 /* FLAnimatedImage.framework */ = {isa = PBXFileReference; explicitFileType = wrapper.framework; path = FLAnimatedImage.framework; sourceTree = BUILT_PRODUCTS_DIR; };
		45413D4F2B3068BD00D38B70 /* ErrorScreenViewController.swift */ = {isa = PBXFileReference; lastKnownFileType = sourcecode.swift; path = ErrorScreenViewController.swift; sourceTree = "<group>"; };
		4542F6BA2B29D92400F061DF /* UITextView+Hyperlinks.swift */ = {isa = PBXFileReference; lastKnownFileType = sourcecode.swift; path = "UITextView+Hyperlinks.swift"; sourceTree = "<group>"; };
		4542F6BD2B2A047700F061DF /* DataService.swift */ = {isa = PBXFileReference; lastKnownFileType = sourcecode.swift; path = DataService.swift; sourceTree = "<group>"; };
		4542F6BF2B2A05F400F061DF /* specialMenuItemsData.json */ = {isa = PBXFileReference; fileEncoding = 4; lastKnownFileType = text.json; path = specialMenuItemsData.json; sourceTree = "<group>"; };
		4546A51F2AD9A38F00A850A8 /* PopularCategoriesViewController.swift */ = {isa = PBXFileReference; lastKnownFileType = sourcecode.swift; path = PopularCategoriesViewController.swift; sourceTree = "<group>"; };
		4546A5212AD9A67A00A850A8 /* PopularCategoriesCollectionViewCell.swift */ = {isa = PBXFileReference; lastKnownFileType = sourcecode.swift; path = PopularCategoriesCollectionViewCell.swift; sourceTree = "<group>"; };
		454FBF262AD949E9001E75EB /* OrderApp.app */ = {isa = PBXFileReference; explicitFileType = wrapper.application; includeInIndex = 0; path = OrderApp.app; sourceTree = BUILT_PRODUCTS_DIR; };
		454FBF292AD949E9001E75EB /* AppDelegate.swift */ = {isa = PBXFileReference; lastKnownFileType = sourcecode.swift; path = AppDelegate.swift; sourceTree = "<group>"; };
		454FBF2B2AD949E9001E75EB /* SceneDelegate.swift */ = {isa = PBXFileReference; lastKnownFileType = sourcecode.swift; path = SceneDelegate.swift; sourceTree = "<group>"; };
		454FBF302AD949E9001E75EB /* Base */ = {isa = PBXFileReference; lastKnownFileType = file.storyboard; name = Base; path = Base.lproj/Main.storyboard; sourceTree = "<group>"; };
		454FBF322AD949F5001E75EB /* Assets.xcassets */ = {isa = PBXFileReference; lastKnownFileType = folder.assetcatalog; path = Assets.xcassets; sourceTree = "<group>"; };
		454FBF352AD949F5001E75EB /* Base */ = {isa = PBXFileReference; lastKnownFileType = file.storyboard; name = Base; path = Base.lproj/LaunchScreen.storyboard; sourceTree = "<group>"; };
		454FBF372AD949F5001E75EB /* Info.plist */ = {isa = PBXFileReference; lastKnownFileType = text.plist.xml; path = Info.plist; sourceTree = "<group>"; };
		454FBF3D2AD95132001E75EB /* Menu.swift */ = {isa = PBXFileReference; lastKnownFileType = sourcecode.swift; path = Menu.swift; sourceTree = "<group>"; };
		455A7A552AE7DD4100EE1844 /* Basket.swift */ = {isa = PBXFileReference; lastKnownFileType = sourcecode.swift; path = Basket.swift; sourceTree = "<group>"; };
		455A7A572AE7DF1D00EE1844 /* BasketViewController.swift */ = {isa = PBXFileReference; lastKnownFileType = sourcecode.swift; path = BasketViewController.swift; sourceTree = "<group>"; };
		455A7A5B2AE7F04600EE1844 /* UIView+Extansions.swift */ = {isa = PBXFileReference; lastKnownFileType = sourcecode.swift; path = "UIView+Extansions.swift"; sourceTree = "<group>"; };
		455E90392AF3C0DF002DB5E3 /* Coordinator.swift */ = {isa = PBXFileReference; lastKnownFileType = sourcecode.swift; path = Coordinator.swift; sourceTree = "<group>"; };
		455E903B2AF3C0F3002DB5E3 /* MainCoordinator.swift */ = {isa = PBXFileReference; lastKnownFileType = sourcecode.swift; path = MainCoordinator.swift; sourceTree = "<group>"; };
		455FE4CB2B02053D00506E9C /* MenuCell.swift */ = {isa = PBXFileReference; lastKnownFileType = sourcecode.swift; path = MenuCell.swift; sourceTree = "<group>"; };
		4562CBE52B04C2B0007F6A4D /* CheckoutListViewController.swift */ = {isa = PBXFileReference; lastKnownFileType = sourcecode.swift; path = CheckoutListViewController.swift; sourceTree = "<group>"; };
		456520E92B21B29500559283 /* BasketManager.swift */ = {isa = PBXFileReference; lastKnownFileType = sourcecode.swift; path = BasketManager.swift; sourceTree = "<group>"; };
		456745572AED46AC0090CB09 /* MenuViewController.swift */ = {isa = PBXFileReference; lastKnownFileType = sourcecode.swift; path = MenuViewController.swift; sourceTree = "<group>"; };
		4567FED82B0DD68F00B032F2 /* Coupon.swift */ = {isa = PBXFileReference; lastKnownFileType = sourcecode.swift; path = Coupon.swift; sourceTree = "<group>"; };
		4567FEDA2B0DD6A500B032F2 /* CouponViewController.swift */ = {isa = PBXFileReference; lastKnownFileType = sourcecode.swift; path = CouponViewController.swift; sourceTree = "<group>"; };
		4567FEDC2B0DD6C700B032F2 /* CouponCell.swift */ = {isa = PBXFileReference; lastKnownFileType = sourcecode.swift; path = CouponCell.swift; sourceTree = "<group>"; };
		4567FEDE2B0DD70000B032F2 /* DetailCouponInfoViewController.swift */ = {isa = PBXFileReference; lastKnownFileType = sourcecode.swift; path = DetailCouponInfoViewController.swift; sourceTree = "<group>"; };
		4568DA5D2B1EFFA6000F1C0B /* PaymentManager.swift */ = {isa = PBXFileReference; lastKnownFileType = sourcecode.swift; path = PaymentManager.swift; sourceTree = "<group>"; };
		4568DA5F2B1F014A000F1C0B /* PayViewControlButtons.swift */ = {isa = PBXFileReference; lastKnownFileType = sourcecode.swift; path = PayViewControlButtons.swift; sourceTree = "<group>"; };
		4568DA612B1F0FF0000F1C0B /* BillView.swift */ = {isa = PBXFileReference; lastKnownFileType = sourcecode.swift; path = BillView.swift; sourceTree = "<group>"; };
		456A0D142B0BA2CC0029247D /* NetworkManager.swift */ = {isa = PBXFileReference; lastKnownFileType = sourcecode.swift; path = NetworkManager.swift; sourceTree = "<group>"; };
		45706C772B18B37700E701AE /* SalesManager.swift */ = {isa = PBXFileReference; lastKnownFileType = sourcecode.swift; path = SalesManager.swift; sourceTree = "<group>"; };
		4571E51F2B3C22DA00AEB32A /* SpecialCell.swift */ = {isa = PBXFileReference; lastKnownFileType = sourcecode.swift; path = SpecialCell.swift; sourceTree = "<group>"; };
		4576A6542B1741430011F35D /* String+CrossText.swift */ = {isa = PBXFileReference; lastKnownFileType = sourcecode.swift; path = "String+CrossText.swift"; sourceTree = "<group>"; };
		4576A6572B17424D0011F35D /* ValidateManager.swift */ = {isa = PBXFileReference; lastKnownFileType = sourcecode.swift; path = ValidateManager.swift; sourceTree = "<group>"; };
		4576A6592B1742870011F35D /* RegexPatterns.swift */ = {isa = PBXFileReference; lastKnownFileType = sourcecode.swift; path = RegexPatterns.swift; sourceTree = "<group>"; };
		4576A65B2B174CC90011F35D /* FormContentBuilder.swift */ = {isa = PBXFileReference; lastKnownFileType = sourcecode.swift; path = FormContentBuilder.swift; sourceTree = "<group>"; };
		4576A65E2B1757890011F35D /* CouponsManager.swift */ = {isa = PBXFileReference; lastKnownFileType = sourcecode.swift; path = CouponsManager.swift; sourceTree = "<group>"; };
		4576A6602B179FDD0011F35D /* NSAttributedString+Concatenation.swift */ = {isa = PBXFileReference; lastKnownFileType = sourcecode.swift; path = "NSAttributedString+Concatenation.swift"; sourceTree = "<group>"; };
		457810212B5D3B5100C32B3C /* String+Hyperlink.swift */ = {isa = PBXFileReference; lastKnownFileType = sourcecode.swift; path = "String+Hyperlink.swift"; sourceTree = "<group>"; };
		4578464E2B207CE300A8F84F /* UIButton+Animations.swift */ = {isa = PBXFileReference; lastKnownFileType = sourcecode.swift; path = "UIButton+Animations.swift"; sourceTree = "<group>"; };
		457846512B20C2A500A8F84F /* PaymentDataLoader.swift */ = {isa = PBXFileReference; lastKnownFileType = sourcecode.swift; path = PaymentDataLoader.swift; sourceTree = "<group>"; };
		457846532B20C2EC00A8F84F /* LoadingView.swift */ = {isa = PBXFileReference; lastKnownFileType = sourcecode.swift; path = LoadingView.swift; sourceTree = "<group>"; };
		457847FB2B066543009B14CA /* CheckoutListCell.swift */ = {isa = PBXFileReference; lastKnownFileType = sourcecode.swift; path = CheckoutListCell.swift; sourceTree = "<group>"; };
		457847FD2B066596009B14CA /* User.swift */ = {isa = PBXFileReference; lastKnownFileType = sourcecode.swift; path = User.swift; sourceTree = "<group>"; };
		45803B2D2B1056A200BB1081 /* UIView+Animations.swift */ = {isa = PBXFileReference; lastKnownFileType = sourcecode.swift; path = "UIView+Animations.swift"; sourceTree = "<group>"; };
		458292ED2B33E38E00FDED64 /* ConnectionError.swift */ = {isa = PBXFileReference; lastKnownFileType = sourcecode.swift; path = ConnectionError.swift; sourceTree = "<group>"; };
		458292EF2B33E3BE00FDED64 /* ErrorManager.swift */ = {isa = PBXFileReference; lastKnownFileType = sourcecode.swift; path = ErrorManager.swift; sourceTree = "<group>"; };
		458292F22B3464F900FDED64 /* Double+Format.swift */ = {isa = PBXFileReference; lastKnownFileType = sourcecode.swift; path = "Double+Format.swift"; sourceTree = "<group>"; };
		45857F652B5C1AFF006BC50C /* SpecialItemView.swift */ = {isa = PBXFileReference; lastKnownFileType = sourcecode.swift; path = SpecialItemView.swift; sourceTree = "<group>"; };
		4586B63F2B0F5FC900439562 /* CustomButton.swift */ = {isa = PBXFileReference; lastKnownFileType = sourcecode.swift; path = CustomButton.swift; sourceTree = "<group>"; };
		458FE0072B25C59100DAF0CF /* StarView.swift */ = {isa = PBXFileReference; lastKnownFileType = sourcecode.swift; path = StarView.swift; sourceTree = "<group>"; };
		45915F012B03651E0032D4BB /* MenuHeaderView.swift */ = {isa = PBXFileReference; lastKnownFileType = sourcecode.swift; path = MenuHeaderView.swift; sourceTree = "<group>"; };
		4593B8392B28305500416578 /* CustomTabBarContainer.swift */ = {isa = PBXFileReference; lastKnownFileType = sourcecode.swift; path = CustomTabBarContainer.swift; sourceTree = "<group>"; };
		45AF524B2B0CC799009EDB11 /* LogoView.swift */ = {isa = PBXFileReference; lastKnownFileType = sourcecode.swift; path = LogoView.swift; sourceTree = "<group>"; };
		45C7BABC2B3857FA004BD810 /* AvailabilityValidator.swift */ = {isa = PBXFileReference; lastKnownFileType = sourcecode.swift; path = AvailabilityValidator.swift; sourceTree = "<group>"; };
		45DB51912B3F2522007F2372 /* UILabel+TextAttachment.swift */ = {isa = PBXFileReference; lastKnownFileType = sourcecode.swift; path = "UILabel+TextAttachment.swift"; sourceTree = "<group>"; };
		45DEED5F2ADFC6FC00CB6439 /* DetailInfoViewController.swift */ = {isa = PBXFileReference; lastKnownFileType = sourcecode.swift; path = DetailInfoViewController.swift; sourceTree = "<group>"; };
		45DEED612ADFD9CA00CB6439 /* Sales.swift */ = {isa = PBXFileReference; lastKnownFileType = sourcecode.swift; path = Sales.swift; sourceTree = "<group>"; };
		45DEED632AE00C0D00CB6439 /* DetailSaleViewController.swift */ = {isa = PBXFileReference; lastKnownFileType = sourcecode.swift; path = DetailSaleViewController.swift; sourceTree = "<group>"; };
		45FF89282ADEC532006FE6EC /* DetailMenuCollectionViewCell.swift */ = {isa = PBXFileReference; lastKnownFileType = sourcecode.swift; path = DetailMenuCollectionViewCell.swift; sourceTree = "<group>"; };
		6AB66B8A76BFA192CA63C07B /* Pods-OrderApp.release.xcconfig */ = {isa = PBXFileReference; includeInIndex = 1; lastKnownFileType = text.xcconfig; name = "Pods-OrderApp.release.xcconfig"; path = "Target Support Files/Pods-OrderApp/Pods-OrderApp.release.xcconfig"; sourceTree = "<group>"; };
		E4496BE6F8F281ABBF56E2F7 /* Pods_OrderApp.framework */ = {isa = PBXFileReference; explicitFileType = wrapper.framework; includeInIndex = 0; path = Pods_OrderApp.framework; sourceTree = BUILT_PRODUCTS_DIR; };
/* End PBXFileReference section */

/* Begin PBXFrameworksBuildPhase section */
		454FBF232AD949E9001E75EB /* Frameworks */ = {
			isa = PBXFrameworksBuildPhase;
			buildActionMask = 2147483647;
			files = (
				199623295428A132911EDD87 /* Pods_OrderApp.framework in Frameworks */,
			);
			runOnlyForDeploymentPostprocessing = 0;
		};
/* End PBXFrameworksBuildPhase section */

/* Begin PBXGroup section */
		452DAD4F2B07B2DC00E693AC /* PayScreen */ = {
			isa = PBXGroup;
			children = (
				452DAD522B07B33200E693AC /* PayViewController.swift */,
				457846552B20C37900A8F84F /* PayScreenHelpers */,
			);
			path = PayScreen;
			sourceTree = "<group>";
		};
		453F50842ADD6B2A00D9DCF9 /* PopularCategories */ = {
			isa = PBXGroup;
			children = (
				4546A51F2AD9A38F00A850A8 /* PopularCategoriesViewController.swift */,
				4546A5212AD9A67A00A850A8 /* PopularCategoriesCollectionViewCell.swift */,
				45FF89272ADEC447006FE6EC /* DetailMenu */,
			);
			path = PopularCategories;
			sourceTree = "<group>";
		};
		453F50852ADD6C4A00D9DCF9 /* DiscountOffer */ = {
			isa = PBXGroup;
			children = (
				453F50862ADD6D3F00D9DCF9 /* SaleViewController.swift */,
				453F50882ADD6D8D00D9DCF9 /* SaleCollectionViewCell.swift */,
				45DEED632AE00C0D00CB6439 /* DetailSaleViewController.swift */,
			);
			path = DiscountOffer;
			sourceTree = "<group>";
		};
		4542F6BC2B2A046200F061DF /* Resources */ = {
			isa = PBXGroup;
			children = (
				45413D432B3044CB00D38B70 /* regularMenuItemsData.json */,
				45413D452B3044F300D38B70 /* discountMenuItemsData.json */,
				4542F6BF2B2A05F400F061DF /* specialMenuItemsData.json */,
				45413D472B30451200D38B70 /* salesData.json */,
				45413D492B30454A00D38B70 /* couponsData.json */,
			);
			path = Resources;
			sourceTree = "<group>";
		};
		454FBF1D2AD949E9001E75EB = {
			isa = PBXGroup;
			children = (
				454FBF282AD949E9001E75EB /* OrderApp */,
				454FBF272AD949E9001E75EB /* Products */,
				D69C2C5D7C501FB1AA903CA8 /* Pods */,
				CB3FD5E22BD577BCD41B7968 /* Frameworks */,
			);
			sourceTree = "<group>";
		};
		454FBF272AD949E9001E75EB /* Products */ = {
			isa = PBXGroup;
			children = (
				454FBF262AD949E9001E75EB /* OrderApp.app */,
			);
			name = Products;
			sourceTree = "<group>";
		};
		454FBF282AD949E9001E75EB /* OrderApp */ = {
			isa = PBXGroup;
			children = (
				454FBF292AD949E9001E75EB /* AppDelegate.swift */,
				454FBF2B2AD949E9001E75EB /* SceneDelegate.swift */,
				455A7A5D2AE7F06200EE1844 /* Extensions */,
				454FBF3F2AD9513E001E75EB /* Model */,
				458292EC2B33E33700FDED64 /* Errors */,
				458292F12B34491F00FDED64 /* DataService */,
				4576A6562B17418B0011F35D /* ValidateUserInfo */,
				4576A65D2B17573F0011F35D /* SalesManager */,
				457846502B20C27500A8F84F /* PaymentManager */,
				456A0D132B0BA29D0029247D /* NetworkLayer */,
				454FBF402AD97646001E75EB /* Controllers */,
				4542F6BC2B2A046200F061DF /* Resources */,
				454FBF2F2AD949E9001E75EB /* Main.storyboard */,
				454FBF322AD949F5001E75EB /* Assets.xcassets */,
				454FBF342AD949F5001E75EB /* LaunchScreen.storyboard */,
				454FBF372AD949F5001E75EB /* Info.plist */,
			);
			path = OrderApp;
			sourceTree = "<group>";
		};
		454FBF3F2AD9513E001E75EB /* Model */ = {
			isa = PBXGroup;
			children = (
				454FBF3D2AD95132001E75EB /* Menu.swift */,
				45DEED612ADFD9CA00CB6439 /* Sales.swift */,
				4567FED82B0DD68F00B032F2 /* Coupon.swift */,
				455A7A552AE7DD4100EE1844 /* Basket.swift */,
				457847FD2B066596009B14CA /* User.swift */,
			);
			path = Model;
			sourceTree = "<group>";
		};
		454FBF402AD97646001E75EB /* Controllers */ = {
			isa = PBXGroup;
			children = (
				455E90382AF3C0CA002DB5E3 /* Coordinator */,
				45803B2C2B10498F00BB1081 /* Helpers */,
				455FE4C92B0202A000506E9C /* Home */,
				455FE4CA2B0202E800506E9C /* Menu */,
				455A7A522AE7B7AB00EE1844 /* Basket */,
				4562CBE42B04C27D007F6A4D /* CheckoutList */,
				452DAD4F2B07B2DC00E693AC /* PayScreen */,
			);
			path = Controllers;
			sourceTree = "<group>";
		};
		455A7A522AE7B7AB00EE1844 /* Basket */ = {
			isa = PBXGroup;
			children = (
				45857F642B5C1ADE006BC50C /* Halpers */,
				455A7A572AE7DF1D00EE1844 /* BasketViewController.swift */,
				456520E92B21B29500559283 /* BasketManager.swift */,
				450AC15D2B3D691300159773 /* SpecialTableView.swift */,
				4571E51F2B3C22DA00AEB32A /* SpecialCell.swift */,
				450AC15F2B3D693300159773 /* RegularTableView.swift */,
				450AC1612B3D697700159773 /* RegularCell.swift */,
			);
			path = Basket;
			sourceTree = "<group>";
		};
		455A7A5D2AE7F06200EE1844 /* Extensions */ = {
			isa = PBXGroup;
			children = (
				455A7A5B2AE7F04600EE1844 /* UIView+Extansions.swift */,
				45803B2D2B1056A200BB1081 /* UIView+Animations.swift */,
				450219B02B15C73A00347211 /* UICollectionView+Identifier.swift */,
				450219B22B15C83300347211 /* UITableViewCell+Identifier.swift */,
				450219B82B15D42300347211 /* UITextField+Validate.swift */,
				4576A6542B1741430011F35D /* String+CrossText.swift */,
				4576A6602B179FDD0011F35D /* NSAttributedString+Concatenation.swift */,
				4578464E2B207CE300A8F84F /* UIButton+Animations.swift */,
				4542F6BA2B29D92400F061DF /* UITextView+Hyperlinks.swift */,
				458292F22B3464F900FDED64 /* Double+Format.swift */,
				45DB51912B3F2522007F2372 /* UILabel+TextAttachment.swift */,
				457810212B5D3B5100C32B3C /* String+Hyperlink.swift */,
				4536A0FD2B61451C00A1F1AF /* Notification.Name+Extension.swift */,
			);
			path = Extensions;
			sourceTree = "<group>";
		};
		455E90382AF3C0CA002DB5E3 /* Coordinator */ = {
			isa = PBXGroup;
			children = (
				455E90392AF3C0DF002DB5E3 /* Coordinator.swift */,
				455E903B2AF3C0F3002DB5E3 /* MainCoordinator.swift */,
				45C7BABC2B3857FA004BD810 /* AvailabilityValidator.swift */,
			);
			path = Coordinator;
			sourceTree = "<group>";
		};
		455FE4C92B0202A000506E9C /* Home */ = {
			isa = PBXGroup;
			children = (
				4593B8392B28305500416578 /* CustomTabBarContainer.swift */,
				453F508C2ADD7B8D00D9DCF9 /* HomeViewController.swift */,
				453F50842ADD6B2A00D9DCF9 /* PopularCategories */,
				453F50852ADD6C4A00D9DCF9 /* DiscountOffer */,
				4567FED72B0DD67100B032F2 /* Coupons */,
			);
			path = Home;
			sourceTree = "<group>";
		};
		455FE4CA2B0202E800506E9C /* Menu */ = {
			isa = PBXGroup;
			children = (
				456745572AED46AC0090CB09 /* MenuViewController.swift */,
				455FE4CB2B02053D00506E9C /* MenuCell.swift */,
				45915F012B03651E0032D4BB /* MenuHeaderView.swift */,
			);
			path = Menu;
			sourceTree = "<group>";
		};
		4562CBE42B04C27D007F6A4D /* CheckoutList */ = {
			isa = PBXGroup;
			children = (
				4562CBE52B04C2B0007F6A4D /* CheckoutListViewController.swift */,
				457847FB2B066543009B14CA /* CheckoutListCell.swift */,
			);
			path = CheckoutList;
			sourceTree = "<group>";
		};
		4567FED72B0DD67100B032F2 /* Coupons */ = {
			isa = PBXGroup;
			children = (
				4567FEDA2B0DD6A500B032F2 /* CouponViewController.swift */,
				4567FEDC2B0DD6C700B032F2 /* CouponCell.swift */,
				4567FEDE2B0DD70000B032F2 /* DetailCouponInfoViewController.swift */,
			);
			path = Coupons;
			sourceTree = "<group>";
		};
		456A0D132B0BA29D0029247D /* NetworkLayer */ = {
			isa = PBXGroup;
			children = (
				456A0D142B0BA2CC0029247D /* NetworkManager.swift */,
				457846512B20C2A500A8F84F /* PaymentDataLoader.swift */,
			);
			path = NetworkLayer;
			sourceTree = "<group>";
		};
		4576A6562B17418B0011F35D /* ValidateUserInfo */ = {
			isa = PBXGroup;
			children = (
				4576A6592B1742870011F35D /* RegexPatterns.swift */,
				4576A6572B17424D0011F35D /* ValidateManager.swift */,
				4576A65B2B174CC90011F35D /* FormContentBuilder.swift */,
			);
			path = ValidateUserInfo;
			sourceTree = "<group>";
		};
		4576A65D2B17573F0011F35D /* SalesManager */ = {
			isa = PBXGroup;
			children = (
				4576A65E2B1757890011F35D /* CouponsManager.swift */,
				45706C772B18B37700E701AE /* SalesManager.swift */,
			);
			path = SalesManager;
			sourceTree = "<group>";
		};
		457846502B20C27500A8F84F /* PaymentManager */ = {
			isa = PBXGroup;
			children = (
				4568DA5D2B1EFFA6000F1C0B /* PaymentManager.swift */,
			);
			path = PaymentManager;
			sourceTree = "<group>";
		};
		457846552B20C37900A8F84F /* PayScreenHelpers */ = {
			isa = PBXGroup;
			children = (
				453C1B532B1DF044003CAF76 /* CheckDetailsView.swift */,
				453C1B552B1E2473003CAF76 /* PaymentDetailsView.swift */,
				453C1B572B1E2879003CAF76 /* UserInfoView.swift */,
				4568DA5F2B1F014A000F1C0B /* PayViewControlButtons.swift */,
				4568DA612B1F0FF0000F1C0B /* BillView.swift */,
			);
			path = PayScreenHelpers;
			sourceTree = "<group>";
		};
		45803B2C2B10498F00BB1081 /* Helpers */ = {
			isa = PBXGroup;
			children = (
				45AF524B2B0CC799009EDB11 /* LogoView.swift */,
				4586B63F2B0F5FC900439562 /* CustomButton.swift */,
				451113D02B1A088E0069CB5F /* SpecialSaleButton.swift */,
				457846532B20C2EC00A8F84F /* LoadingView.swift */,
				458FE0072B25C59100DAF0CF /* StarView.swift */,
			);
			path = Helpers;
			sourceTree = "<group>";
		};
		458292EC2B33E33700FDED64 /* Errors */ = {
			isa = PBXGroup;
			children = (
				4522328E2B31B60500608B3C /* DataError.swift */,
				458292ED2B33E38E00FDED64 /* ConnectionError.swift */,
				458292EF2B33E3BE00FDED64 /* ErrorManager.swift */,
				45413D4F2B3068BD00D38B70 /* ErrorScreenViewController.swift */,
			);
			path = Errors;
			sourceTree = "<group>";
		};
		458292F12B34491F00FDED64 /* DataService */ = {
			isa = PBXGroup;
			children = (
				4542F6BD2B2A047700F061DF /* DataService.swift */,
			);
			path = DataService;
			sourceTree = "<group>";
		};
		45857F642B5C1ADE006BC50C /* Halpers */ = {
			isa = PBXGroup;
			children = (
				45857F652B5C1AFF006BC50C /* SpecialItemView.swift */,
			);
			path = Halpers;
			sourceTree = "<group>";
		};
		45DEED5E2ADFC62700CB6439 /* MenuItemInfo */ = {
			isa = PBXGroup;
			children = (
				45DEED5F2ADFC6FC00CB6439 /* DetailInfoViewController.swift */,
			);
			path = MenuItemInfo;
			sourceTree = "<group>";
		};
		45FF89272ADEC447006FE6EC /* DetailMenu */ = {
			isa = PBXGroup;
			children = (
				453F50822ADD40ED00D9DCF9 /* CategoryDetailMenuViewController.swift */,
				45FF89282ADEC532006FE6EC /* DetailMenuCollectionViewCell.swift */,
				45DEED5E2ADFC62700CB6439 /* MenuItemInfo */,
			);
			path = DetailMenu;
			sourceTree = "<group>";
		};
		CB3FD5E22BD577BCD41B7968 /* Frameworks */ = {
			isa = PBXGroup;
			children = (
				45413D4B2B3064CB00D38B70 /* FLAnimatedImage.framework */,
				E4496BE6F8F281ABBF56E2F7 /* Pods_OrderApp.framework */,
			);
			name = Frameworks;
			sourceTree = "<group>";
		};
		D69C2C5D7C501FB1AA903CA8 /* Pods */ = {
			isa = PBXGroup;
			children = (
				2CB85B2BD0C2F861577AF6B3 /* Pods-OrderApp.debug.xcconfig */,
				6AB66B8A76BFA192CA63C07B /* Pods-OrderApp.release.xcconfig */,
			);
			path = Pods;
			sourceTree = "<group>";
		};
/* End PBXGroup section */

/* Begin PBXNativeTarget section */
		454FBF252AD949E9001E75EB /* OrderApp */ = {
			isa = PBXNativeTarget;
			buildConfigurationList = 454FBF3A2AD949F5001E75EB /* Build configuration list for PBXNativeTarget "OrderApp" */;
			buildPhases = (
				D852E142561E6F7CB5F273F5 /* [CP] Check Pods Manifest.lock */,
				454FBF222AD949E9001E75EB /* Sources */,
				454FBF232AD949E9001E75EB /* Frameworks */,
				454FBF242AD949E9001E75EB /* Resources */,
				DD1CD0027B33E3C4A872FD40 /* [CP] Embed Pods Frameworks */,
			);
			buildRules = (
			);
			dependencies = (
			);
			name = OrderApp;
			productName = OrderApp;
			productReference = 454FBF262AD949E9001E75EB /* OrderApp.app */;
			productType = "com.apple.product-type.application";
		};
/* End PBXNativeTarget section */

/* Begin PBXProject section */
		454FBF1E2AD949E9001E75EB /* Project object */ = {
			isa = PBXProject;
			attributes = {
				BuildIndependentTargetsInParallel = 1;
				LastSwiftUpdateCheck = 1410;
				LastUpgradeCheck = 1410;
				TargetAttributes = {
					454FBF252AD949E9001E75EB = {
						CreatedOnToolsVersion = 14.1;
					};
				};
			};
			buildConfigurationList = 454FBF212AD949E9001E75EB /* Build configuration list for PBXProject "OrderApp" */;
			compatibilityVersion = "Xcode 14.0";
			developmentRegion = en;
			hasScannedForEncodings = 0;
			knownRegions = (
				en,
				Base,
			);
			mainGroup = 454FBF1D2AD949E9001E75EB;
			productRefGroup = 454FBF272AD949E9001E75EB /* Products */;
			projectDirPath = "";
			projectRoot = "";
			targets = (
				454FBF252AD949E9001E75EB /* OrderApp */,
			);
		};
/* End PBXProject section */

/* Begin PBXResourcesBuildPhase section */
		454FBF242AD949E9001E75EB /* Resources */ = {
			isa = PBXResourcesBuildPhase;
			buildActionMask = 2147483647;
			files = (
				454FBF362AD949F5001E75EB /* LaunchScreen.storyboard in Resources */,
				4542F6C02B2A05F400F061DF /* specialMenuItemsData.json in Resources */,
				45413D482B30451200D38B70 /* salesData.json in Resources */,
				454FBF332AD949F5001E75EB /* Assets.xcassets in Resources */,
				45413D442B3044CB00D38B70 /* regularMenuItemsData.json in Resources */,
				45413D4A2B30454A00D38B70 /* couponsData.json in Resources */,
				454FBF312AD949E9001E75EB /* Main.storyboard in Resources */,
				45413D462B3044F400D38B70 /* discountMenuItemsData.json in Resources */,
			);
			runOnlyForDeploymentPostprocessing = 0;
		};
/* End PBXResourcesBuildPhase section */

/* Begin PBXShellScriptBuildPhase section */
		D852E142561E6F7CB5F273F5 /* [CP] Check Pods Manifest.lock */ = {
			isa = PBXShellScriptBuildPhase;
			buildActionMask = 2147483647;
			files = (
			);
			inputFileListPaths = (
			);
			inputPaths = (
				"${PODS_PODFILE_DIR_PATH}/Podfile.lock",
				"${PODS_ROOT}/Manifest.lock",
			);
			name = "[CP] Check Pods Manifest.lock";
			outputFileListPaths = (
			);
			outputPaths = (
				"$(DERIVED_FILE_DIR)/Pods-OrderApp-checkManifestLockResult.txt",
			);
			runOnlyForDeploymentPostprocessing = 0;
			shellPath = /bin/sh;
			shellScript = "diff \"${PODS_PODFILE_DIR_PATH}/Podfile.lock\" \"${PODS_ROOT}/Manifest.lock\" > /dev/null\nif [ $? != 0 ] ; then\n    # print error to STDERR\n    echo \"error: The sandbox is not in sync with the Podfile.lock. Run 'pod install' or update your CocoaPods installation.\" >&2\n    exit 1\nfi\n# This output is used by Xcode 'outputs' to avoid re-running this script phase.\necho \"SUCCESS\" > \"${SCRIPT_OUTPUT_FILE_0}\"\n";
			showEnvVarsInLog = 0;
		};
		DD1CD0027B33E3C4A872FD40 /* [CP] Embed Pods Frameworks */ = {
			isa = PBXShellScriptBuildPhase;
			buildActionMask = 2147483647;
			files = (
			);
			inputFileListPaths = (
				"${PODS_ROOT}/Target Support Files/Pods-OrderApp/Pods-OrderApp-frameworks-${CONFIGURATION}-input-files.xcfilelist",
			);
			name = "[CP] Embed Pods Frameworks";
			outputFileListPaths = (
				"${PODS_ROOT}/Target Support Files/Pods-OrderApp/Pods-OrderApp-frameworks-${CONFIGURATION}-output-files.xcfilelist",
			);
			runOnlyForDeploymentPostprocessing = 0;
			shellPath = /bin/sh;
			shellScript = "\"${PODS_ROOT}/Target Support Files/Pods-OrderApp/Pods-OrderApp-frameworks.sh\"\n";
			showEnvVarsInLog = 0;
		};
/* End PBXShellScriptBuildPhase section */

/* Begin PBXSourcesBuildPhase section */
		454FBF222AD949E9001E75EB /* Sources */ = {
			isa = PBXSourcesBuildPhase;
			buildActionMask = 2147483647;
			files = (
				45706C782B18B37700E701AE /* SalesManager.swift in Sources */,
				455E903C2AF3C0F3002DB5E3 /* MainCoordinator.swift in Sources */,
				4542F6BB2B29D92400F061DF /* UITextView+Hyperlinks.swift in Sources */,
				457847FE2B066597009B14CA /* User.swift in Sources */,
				457810222B5D3B5100C32B3C /* String+Hyperlink.swift in Sources */,
				457846542B20C2EC00A8F84F /* LoadingView.swift in Sources */,
				4536A0FE2B61451C00A1F1AF /* Notification.Name+Extension.swift in Sources */,
				454FBF3E2AD95132001E75EB /* Menu.swift in Sources */,
				4546A5222AD9A67A00A850A8 /* PopularCategoriesCollectionViewCell.swift in Sources */,
				452DAD532B07B33300E693AC /* PayViewController.swift in Sources */,
				458292F02B33E3BE00FDED64 /* ErrorManager.swift in Sources */,
				450219B92B15D42400347211 /* UITextField+Validate.swift in Sources */,
				458FE0082B25C59100DAF0CF /* StarView.swift in Sources */,
				453C1B582B1E2879003CAF76 /* UserInfoView.swift in Sources */,
				453C1B542B1DF045003CAF76 /* CheckDetailsView.swift in Sources */,
				455A7A562AE7DD4100EE1844 /* Basket.swift in Sources */,
				45803B2E2B1056A200BB1081 /* UIView+Animations.swift in Sources */,
				45FF89292ADEC532006FE6EC /* DetailMenuCollectionViewCell.swift in Sources */,
				4576A65A2B1742870011F35D /* RegexPatterns.swift in Sources */,
				453F508D2ADD7B8D00D9DCF9 /* HomeViewController.swift in Sources */,
				458292EE2B33E38E00FDED64 /* ConnectionError.swift in Sources */,
				4576A65F2B17578A0011F35D /* CouponsManager.swift in Sources */,
				4542F6BE2B2A047700F061DF /* DataService.swift in Sources */,
				45DEED622ADFD9CB00CB6439 /* Sales.swift in Sources */,
				457846522B20C2A600A8F84F /* PaymentDataLoader.swift in Sources */,
				456A0D152B0BA2CC0029247D /* NetworkManager.swift in Sources */,
				4562CBE62B04C2B0007F6A4D /* CheckoutListViewController.swift in Sources */,
				453F50872ADD6D3F00D9DCF9 /* SaleViewController.swift in Sources */,
				4576A65C2B174CC90011F35D /* FormContentBuilder.swift in Sources */,
				4546A5202AD9A38F00A850A8 /* PopularCategoriesViewController.swift in Sources */,
				458292F32B3464FA00FDED64 /* Double+Format.swift in Sources */,
				4586B6402B0F5FC900439562 /* CustomButton.swift in Sources */,
				454FBF2A2AD949E9001E75EB /* AppDelegate.swift in Sources */,
				4567FEDB2B0DD6A500B032F2 /* CouponViewController.swift in Sources */,
				4576A6582B17424D0011F35D /* ValidateManager.swift in Sources */,
				4568DA622B1F0FF0000F1C0B /* BillView.swift in Sources */,
				45915F022B03651E0032D4BB /* MenuHeaderView.swift in Sources */,
				45857F662B5C1AFF006BC50C /* SpecialItemView.swift in Sources */,
				450AC15E2B3D691500159773 /* SpecialTableView.swift in Sources */,
				453F50832ADD40ED00D9DCF9 /* CategoryDetailMenuViewController.swift in Sources */,
				450AC1622B3D697700159773 /* RegularCell.swift in Sources */,
				4567FEDF2B0DD70000B032F2 /* DetailCouponInfoViewController.swift in Sources */,
				450219B12B15C73A00347211 /* UICollectionView+Identifier.swift in Sources */,
				457847FC2B066543009B14CA /* CheckoutListCell.swift in Sources */,
				4567FEDD2B0DD6C700B032F2 /* CouponCell.swift in Sources */,
				456745582AED46AC0090CB09 /* MenuViewController.swift in Sources */,
				454FBF2C2AD949E9001E75EB /* SceneDelegate.swift in Sources */,
				45DB51922B3F2522007F2372 /* UILabel+TextAttachment.swift in Sources */,
				453C1B562B1E2474003CAF76 /* PaymentDetailsView.swift in Sources */,
				45DEED642AE00C0E00CB6439 /* DetailSaleViewController.swift in Sources */,
				451113D12B1A088E0069CB5F /* SpecialSaleButton.swift in Sources */,
				455A7A5C2AE7F04700EE1844 /* UIView+Extansions.swift in Sources */,
				455FE4CC2B02053E00506E9C /* MenuCell.swift in Sources */,
				456520EA2B21B29600559283 /* BasketManager.swift in Sources */,
				455E903A2AF3C0DF002DB5E3 /* Coordinator.swift in Sources */,
				45C7BABD2B3857FA004BD810 /* AvailabilityValidator.swift in Sources */,
				45413D502B3068BD00D38B70 /* ErrorScreenViewController.swift in Sources */,
				4567FED92B0DD68F00B032F2 /* Coupon.swift in Sources */,
				4576A6612B179FDD0011F35D /* NSAttributedString+Concatenation.swift in Sources */,
				4576A6552B1741440011F35D /* String+CrossText.swift in Sources */,
				4522328F2B31B60600608B3C /* DataError.swift in Sources */,
				45AF524C2B0CC799009EDB11 /* LogoView.swift in Sources */,
				450219B32B15C83300347211 /* UITableViewCell+Identifier.swift in Sources */,
				4568DA5E2B1EFFA6000F1C0B /* PaymentManager.swift in Sources */,
				4568DA602B1F014A000F1C0B /* PayViewControlButtons.swift in Sources */,
				4578464F2B207CE300A8F84F /* UIButton+Animations.swift in Sources */,
				450AC1602B3D693300159773 /* RegularTableView.swift in Sources */,
				4593B83A2B28305500416578 /* CustomTabBarContainer.swift in Sources */,
				455A7A582AE7DF1E00EE1844 /* BasketViewController.swift in Sources */,
				4571E5202B3C22DA00AEB32A /* SpecialCell.swift in Sources */,
				453F50892ADD6D8E00D9DCF9 /* SaleCollectionViewCell.swift in Sources */,
				45DEED602ADFC6FC00CB6439 /* DetailInfoViewController.swift in Sources */,
			);
			runOnlyForDeploymentPostprocessing = 0;
		};
/* End PBXSourcesBuildPhase section */

/* Begin PBXVariantGroup section */
		454FBF2F2AD949E9001E75EB /* Main.storyboard */ = {
			isa = PBXVariantGroup;
			children = (
				454FBF302AD949E9001E75EB /* Base */,
			);
			name = Main.storyboard;
			sourceTree = "<group>";
		};
		454FBF342AD949F5001E75EB /* LaunchScreen.storyboard */ = {
			isa = PBXVariantGroup;
			children = (
				454FBF352AD949F5001E75EB /* Base */,
			);
			name = LaunchScreen.storyboard;
			sourceTree = "<group>";
		};
/* End PBXVariantGroup section */

/* Begin XCBuildConfiguration section */
		454FBF382AD949F5001E75EB /* Debug */ = {
			isa = XCBuildConfiguration;
			buildSettings = {
				ALWAYS_SEARCH_USER_PATHS = NO;
				CLANG_ANALYZER_NONNULL = YES;
				CLANG_ANALYZER_NUMBER_OBJECT_CONVERSION = YES_AGGRESSIVE;
				CLANG_CXX_LANGUAGE_STANDARD = "gnu++20";
				CLANG_ENABLE_MODULES = YES;
				CLANG_ENABLE_OBJC_ARC = YES;
				CLANG_ENABLE_OBJC_WEAK = YES;
				CLANG_WARN_BLOCK_CAPTURE_AUTORELEASING = YES;
				CLANG_WARN_BOOL_CONVERSION = YES;
				CLANG_WARN_COMMA = YES;
				CLANG_WARN_CONSTANT_CONVERSION = YES;
				CLANG_WARN_DEPRECATED_OBJC_IMPLEMENTATIONS = YES;
				CLANG_WARN_DIRECT_OBJC_ISA_USAGE = YES_ERROR;
				CLANG_WARN_DOCUMENTATION_COMMENTS = YES;
				CLANG_WARN_EMPTY_BODY = YES;
				CLANG_WARN_ENUM_CONVERSION = YES;
				CLANG_WARN_INFINITE_RECURSION = YES;
				CLANG_WARN_INT_CONVERSION = YES;
				CLANG_WARN_NON_LITERAL_NULL_CONVERSION = YES;
				CLANG_WARN_OBJC_IMPLICIT_RETAIN_SELF = YES;
				CLANG_WARN_OBJC_LITERAL_CONVERSION = YES;
				CLANG_WARN_OBJC_ROOT_CLASS = YES_ERROR;
				CLANG_WARN_QUOTED_INCLUDE_IN_FRAMEWORK_HEADER = YES;
				CLANG_WARN_RANGE_LOOP_ANALYSIS = YES;
				CLANG_WARN_STRICT_PROTOTYPES = YES;
				CLANG_WARN_SUSPICIOUS_MOVE = YES;
				CLANG_WARN_UNGUARDED_AVAILABILITY = YES_AGGRESSIVE;
				CLANG_WARN_UNREACHABLE_CODE = YES;
				CLANG_WARN__DUPLICATE_METHOD_MATCH = YES;
				COPY_PHASE_STRIP = NO;
				DEBUG_INFORMATION_FORMAT = dwarf;
				ENABLE_STRICT_OBJC_MSGSEND = YES;
				ENABLE_TESTABILITY = YES;
				GCC_C_LANGUAGE_STANDARD = gnu11;
				GCC_DYNAMIC_NO_PIC = NO;
				GCC_NO_COMMON_BLOCKS = YES;
				GCC_OPTIMIZATION_LEVEL = 0;
				GCC_PREPROCESSOR_DEFINITIONS = (
					"DEBUG=1",
					"$(inherited)",
				);
				GCC_WARN_64_TO_32_BIT_CONVERSION = YES;
				GCC_WARN_ABOUT_RETURN_TYPE = YES_ERROR;
				GCC_WARN_UNDECLARED_SELECTOR = YES;
				GCC_WARN_UNINITIALIZED_AUTOS = YES_AGGRESSIVE;
				GCC_WARN_UNUSED_FUNCTION = YES;
				GCC_WARN_UNUSED_VARIABLE = YES;
				IPHONEOS_DEPLOYMENT_TARGET = 16.1;
				MTL_ENABLE_DEBUG_INFO = INCLUDE_SOURCE;
				MTL_FAST_MATH = YES;
				ONLY_ACTIVE_ARCH = YES;
				SDKROOT = iphoneos;
				SWIFT_ACTIVE_COMPILATION_CONDITIONS = DEBUG;
				SWIFT_OPTIMIZATION_LEVEL = "-Onone";
			};
			name = Debug;
		};
		454FBF392AD949F5001E75EB /* Release */ = {
			isa = XCBuildConfiguration;
			buildSettings = {
				ALWAYS_SEARCH_USER_PATHS = NO;
				CLANG_ANALYZER_NONNULL = YES;
				CLANG_ANALYZER_NUMBER_OBJECT_CONVERSION = YES_AGGRESSIVE;
				CLANG_CXX_LANGUAGE_STANDARD = "gnu++20";
				CLANG_ENABLE_MODULES = YES;
				CLANG_ENABLE_OBJC_ARC = YES;
				CLANG_ENABLE_OBJC_WEAK = YES;
				CLANG_WARN_BLOCK_CAPTURE_AUTORELEASING = YES;
				CLANG_WARN_BOOL_CONVERSION = YES;
				CLANG_WARN_COMMA = YES;
				CLANG_WARN_CONSTANT_CONVERSION = YES;
				CLANG_WARN_DEPRECATED_OBJC_IMPLEMENTATIONS = YES;
				CLANG_WARN_DIRECT_OBJC_ISA_USAGE = YES_ERROR;
				CLANG_WARN_DOCUMENTATION_COMMENTS = YES;
				CLANG_WARN_EMPTY_BODY = YES;
				CLANG_WARN_ENUM_CONVERSION = YES;
				CLANG_WARN_INFINITE_RECURSION = YES;
				CLANG_WARN_INT_CONVERSION = YES;
				CLANG_WARN_NON_LITERAL_NULL_CONVERSION = YES;
				CLANG_WARN_OBJC_IMPLICIT_RETAIN_SELF = YES;
				CLANG_WARN_OBJC_LITERAL_CONVERSION = YES;
				CLANG_WARN_OBJC_ROOT_CLASS = YES_ERROR;
				CLANG_WARN_QUOTED_INCLUDE_IN_FRAMEWORK_HEADER = YES;
				CLANG_WARN_RANGE_LOOP_ANALYSIS = YES;
				CLANG_WARN_STRICT_PROTOTYPES = YES;
				CLANG_WARN_SUSPICIOUS_MOVE = YES;
				CLANG_WARN_UNGUARDED_AVAILABILITY = YES_AGGRESSIVE;
				CLANG_WARN_UNREACHABLE_CODE = YES;
				CLANG_WARN__DUPLICATE_METHOD_MATCH = YES;
				COPY_PHASE_STRIP = NO;
				DEBUG_INFORMATION_FORMAT = "dwarf-with-dsym";
				ENABLE_NS_ASSERTIONS = NO;
				ENABLE_STRICT_OBJC_MSGSEND = YES;
				GCC_C_LANGUAGE_STANDARD = gnu11;
				GCC_NO_COMMON_BLOCKS = YES;
				GCC_WARN_64_TO_32_BIT_CONVERSION = YES;
				GCC_WARN_ABOUT_RETURN_TYPE = YES_ERROR;
				GCC_WARN_UNDECLARED_SELECTOR = YES;
				GCC_WARN_UNINITIALIZED_AUTOS = YES_AGGRESSIVE;
				GCC_WARN_UNUSED_FUNCTION = YES;
				GCC_WARN_UNUSED_VARIABLE = YES;
				IPHONEOS_DEPLOYMENT_TARGET = 16.1;
				MTL_ENABLE_DEBUG_INFO = NO;
				MTL_FAST_MATH = YES;
				SDKROOT = iphoneos;
				SWIFT_COMPILATION_MODE = wholemodule;
				SWIFT_OPTIMIZATION_LEVEL = "-O";
				VALIDATE_PRODUCT = YES;
			};
			name = Release;
		};
		454FBF3B2AD949F5001E75EB /* Debug */ = {
			isa = XCBuildConfiguration;
			baseConfigurationReference = 2CB85B2BD0C2F861577AF6B3 /* Pods-OrderApp.debug.xcconfig */;
			buildSettings = {
				ASSETCATALOG_COMPILER_APPICON_NAME = AppIcon;
				ASSETCATALOG_COMPILER_GLOBAL_ACCENT_COLOR_NAME = AccentColor;
				CODE_SIGN_STYLE = Automatic;
				CURRENT_PROJECT_VERSION = 1;
				DEVELOPMENT_TEAM = K28R8TH2JY;
				GENERATE_INFOPLIST_FILE = YES;
				INFOPLIST_FILE = OrderApp/Info.plist;
				INFOPLIST_KEY_UIApplicationSupportsIndirectInputEvents = YES;
				INFOPLIST_KEY_UILaunchStoryboardName = LaunchScreen;
				INFOPLIST_KEY_UIMainStoryboardFile = Main;
				INFOPLIST_KEY_UISupportedInterfaceOrientations_iPad = "UIInterfaceOrientationPortrait UIInterfaceOrientationPortraitUpsideDown UIInterfaceOrientationLandscapeLeft UIInterfaceOrientationLandscapeRight";
				INFOPLIST_KEY_UISupportedInterfaceOrientations_iPhone = "UIInterfaceOrientationPortrait UIInterfaceOrientationLandscapeLeft UIInterfaceOrientationLandscapeRight";
				LD_RUNPATH_SEARCH_PATHS = (
					"$(inherited)",
					"@executable_path/Frameworks",
				);
				MARKETING_VERSION = 1.0;
				PRODUCT_BUNDLE_IDENTIFIER = one.OrderApp;
				PRODUCT_NAME = "$(TARGET_NAME)";
				SWIFT_EMIT_LOC_STRINGS = YES;
				SWIFT_VERSION = 5.0;
				TARGETED_DEVICE_FAMILY = "1,2";
			};
			name = Debug;
		};
		454FBF3C2AD949F5001E75EB /* Release */ = {
			isa = XCBuildConfiguration;
			baseConfigurationReference = 6AB66B8A76BFA192CA63C07B /* Pods-OrderApp.release.xcconfig */;
			buildSettings = {
				ASSETCATALOG_COMPILER_APPICON_NAME = AppIcon;
				ASSETCATALOG_COMPILER_GLOBAL_ACCENT_COLOR_NAME = AccentColor;
				CODE_SIGN_STYLE = Automatic;
				CURRENT_PROJECT_VERSION = 1;
				DEVELOPMENT_TEAM = K28R8TH2JY;
				GENERATE_INFOPLIST_FILE = YES;
				INFOPLIST_FILE = OrderApp/Info.plist;
				INFOPLIST_KEY_UIApplicationSupportsIndirectInputEvents = YES;
				INFOPLIST_KEY_UILaunchStoryboardName = LaunchScreen;
				INFOPLIST_KEY_UIMainStoryboardFile = Main;
				INFOPLIST_KEY_UISupportedInterfaceOrientations_iPad = "UIInterfaceOrientationPortrait UIInterfaceOrientationPortraitUpsideDown UIInterfaceOrientationLandscapeLeft UIInterfaceOrientationLandscapeRight";
				INFOPLIST_KEY_UISupportedInterfaceOrientations_iPhone = "UIInterfaceOrientationPortrait UIInterfaceOrientationLandscapeLeft UIInterfaceOrientationLandscapeRight";
				LD_RUNPATH_SEARCH_PATHS = (
					"$(inherited)",
					"@executable_path/Frameworks",
				);
				MARKETING_VERSION = 1.0;
				PRODUCT_BUNDLE_IDENTIFIER = one.OrderApp;
				PRODUCT_NAME = "$(TARGET_NAME)";
				SWIFT_EMIT_LOC_STRINGS = YES;
				SWIFT_VERSION = 5.0;
				TARGETED_DEVICE_FAMILY = "1,2";
			};
			name = Release;
		};
/* End XCBuildConfiguration section */

/* Begin XCConfigurationList section */
		454FBF212AD949E9001E75EB /* Build configuration list for PBXProject "OrderApp" */ = {
			isa = XCConfigurationList;
			buildConfigurations = (
				454FBF382AD949F5001E75EB /* Debug */,
				454FBF392AD949F5001E75EB /* Release */,
			);
			defaultConfigurationIsVisible = 0;
			defaultConfigurationName = Release;
		};
		454FBF3A2AD949F5001E75EB /* Build configuration list for PBXNativeTarget "OrderApp" */ = {
			isa = XCConfigurationList;
			buildConfigurations = (
				454FBF3B2AD949F5001E75EB /* Debug */,
				454FBF3C2AD949F5001E75EB /* Release */,
			);
			defaultConfigurationIsVisible = 0;
			defaultConfigurationName = Release;
		};
/* End XCConfigurationList section */
	};
	rootObject = 454FBF1E2AD949E9001E75EB /* Project object */;
}
